
Microsoft Visual Studio Solution File, Format Version 12.00
# Visual Studio Version 17
VisualStudioVersion = 17.4.33213.308
MinimumVisualStudioVersion = 10.0.40219.1
Project("{FAE04EC0-301F-11D3-BF4B-00C04F79EFBC}") = "Iths csharp library", "Iths csharp library\Iths csharp library.csproj", "{A752BDA9-BEC2-4F76-BE08-86E1FBE00B85}"
EndProject
Global
	GlobalSection(SolutionConfigurationPlatforms) = preSolution
		Debug|Any CPU = Debug|Any CPU
		Release|Any CPU = Release|Any CPU
	EndGlobalSection
	GlobalSection(ProjectConfigurationPlatforms) = postSolution
		{A752BDA9-BEC2-4F76-BE08-86E1FBE00B85}.Debug|Any CPU.ActiveCfg = Debug|Any CPU
		{A752BDA9-BEC2-4F76-BE08-86E1FBE00B85}.Debug|Any CPU.Build.0 = Debug|Any CPU
		{A752BDA9-BEC2-4F76-BE08-86E1FBE00B85}.Release|Any CPU.ActiveCfg = Release|Any CPU
		{A752BDA9-BEC2-4F76-BE08-86E1FBE00B85}.Release|Any CPU.Build.0 = Release|Any CPU
	EndGlobalSection
	GlobalSection(SolutionProperties) = preSolution
		HideSolutionNode = FALSE
	EndGlobalSection
	GlobalSection(ExtensibilityGlobals) = postSolution
		SolutionGuid = {58EA8568-44C2-409F-8EA4-835474E316D5}
	EndGlobalSection
EndGlobal
